// !$*UTF8*$!
{
	archiveVersion = 1;
	classes = {
	};
	objectVersion = 45;
	objects = {

/* Begin PBXBuildFile section */
		1DDD58160DA1D0A300B32029 /* MainMenu.xib in Resources */ = {isa = PBXBuildFile; fileRef = 1DDD58140DA1D0A300B32029 /* MainMenu.xib */; };
		4000D37912EF31110032E9B0 /* TKFileMoveQueue.m in Sources */ = {isa = PBXBuildFile; fileRef = 4000D37812EF31110032E9B0 /* TKFileMoveQueue.m */; };
		400928C512DF917F00392AD5 /* TKUtility.framework in Frameworks */ = {isa = PBXBuildFile; fileRef = 400928C412DF917F00392AD5 /* TKUtility.framework */; };
		400928CA12DF91C500392AD5 /* TKUtility.framework in CopyFiles */ = {isa = PBXBuildFile; fileRef = 400928C412DF917F00392AD5 /* TKUtility.framework */; };
		400C96DF134E3E41009707D0 /* TKRegistry.m in Sources */ = {isa = PBXBuildFile; fileRef = 400C96DE134E3E41009707D0 /* TKRegistry.m */; };
		404DF3A91279EC34000D1CC4 /* TKSession.m in Sources */ = {isa = PBXBuildFile; fileRef = 404DF3A41279EC34000D1CC4 /* TKSession.m */; };
		404DF3AD1279EC45000D1CC4 /* version.plist in Resources */ = {isa = PBXBuildFile; fileRef = 404DF3AC1279EC45000D1CC4 /* version.plist */; };
		4079CA8B12D0DD1F009B23AC /* TKSessionAppDelegate.m in Sources */ = {isa = PBXBuildFile; fileRef = 4079CA8A12D0DD1F009B23AC /* TKSessionAppDelegate.m */; };
		8D11072B0486CEB800E47090 /* InfoPlist.strings in Resources */ = {isa = PBXBuildFile; fileRef = 089C165CFE840E0CC02AAC07 /* InfoPlist.strings */; };
		8D11072D0486CEB800E47090 /* main.m in Sources */ = {isa = PBXBuildFile; fileRef = 29B97316FDCFA39411CA2CEA /* main.m */; settings = {ATTRIBUTES = (); }; };
		8D11072F0486CEB800E47090 /* Cocoa.framework in Frameworks */ = {isa = PBXBuildFile; fileRef = 1058C7A1FEA54F0111CA2CBB /* Cocoa.framework */; };
/* End PBXBuildFile section */

/* Begin PBXCopyFilesBuildPhase section */
		40352BA112CA404B0071EECA /* CopyFiles */ = {
			isa = PBXCopyFilesBuildPhase;
			buildActionMask = 2147483647;
			dstPath = "";
			dstSubfolderSpec = 10;
			files = (
				400928CA12DF91C500392AD5 /* TKUtility.framework in CopyFiles */,
			);
			runOnlyForDeploymentPostprocessing = 0;
		};
/* End PBXCopyFilesBuildPhase section */

/* Begin PBXFileReference section */
		089C165DFE840E0CC02AAC07 /* English */ = {isa = PBXFileReference; fileEncoding = 10; lastKnownFileType = text.plist.strings; name = English; path = English.lproj/InfoPlist.strings; sourceTree = "<group>"; };
		1058C7A1FEA54F0111CA2CBB /* Cocoa.framework */ = {isa = PBXFileReference; lastKnownFileType = wrapper.framework; name = Cocoa.framework; path = /System/Library/Frameworks/Cocoa.framework; sourceTree = "<absolute>"; };
		13E42FB307B3F0F600E4EEF1 /* CoreData.framework */ = {isa = PBXFileReference; lastKnownFileType = wrapper.framework; name = CoreData.framework; path = /System/Library/Frameworks/CoreData.framework; sourceTree = "<absolute>"; };
		1DDD58150DA1D0A300B32029 /* English */ = {isa = PBXFileReference; lastKnownFileType = file.xib; name = English; path = English.lproj/MainMenu.xib; sourceTree = "<group>"; };
		29B97316FDCFA39411CA2CEA /* main.m */ = {isa = PBXFileReference; fileEncoding = 4; lastKnownFileType = sourcecode.c.objc; path = main.m; sourceTree = "<group>"; };
		29B97324FDCFA39411CA2CEA /* AppKit.framework */ = {isa = PBXFileReference; lastKnownFileType = wrapper.framework; name = AppKit.framework; path = /System/Library/Frameworks/AppKit.framework; sourceTree = "<absolute>"; };
		29B97325FDCFA39411CA2CEA /* Foundation.framework */ = {isa = PBXFileReference; lastKnownFileType = wrapper.framework; name = Foundation.framework; path = /System/Library/Frameworks/Foundation.framework; sourceTree = "<absolute>"; };
		32CA4F630368D1EE00C91783 /* TK-Session_Prefix.pch */ = {isa = PBXFileReference; fileEncoding = 4; lastKnownFileType = sourcecode.c.h; path = "TK-Session_Prefix.pch"; sourceTree = "<group>"; };
		4000D37712EF31110032E9B0 /* TKFileMoveQueue.h */ = {isa = PBXFileReference; fileEncoding = 4; lastKnownFileType = sourcecode.c.h; path = TKFileMoveQueue.h; sourceTree = "<group>"; };
		4000D37812EF31110032E9B0 /* TKFileMoveQueue.m */ = {isa = PBXFileReference; fileEncoding = 4; lastKnownFileType = sourcecode.c.objc; path = TKFileMoveQueue.m; sourceTree = "<group>"; };
		400928C412DF917F00392AD5 /* TKUtility.framework */ = {isa = PBXFileReference; lastKnownFileType = wrapper.framework; name = TKUtility.framework; path = /Library/Frameworks/TKUtility.framework; sourceTree = "<absolute>"; };
		400C96DD134E3E41009707D0 /* TKRegistry.h */ = {isa = PBXFileReference; fileEncoding = 4; lastKnownFileType = sourcecode.c.h; path = TKRegistry.h; sourceTree = "<group>"; };
		400C96DE134E3E41009707D0 /* TKRegistry.m */ = {isa = PBXFileReference; fileEncoding = 4; lastKnownFileType = sourcecode.c.objc; path = TKRegistry.m; sourceTree = "<group>"; };
		4040C75212D4DDF10092DD7A /* ComRrfComponentVas.bundle */ = {isa = PBXFileReference; lastKnownFileType = "wrapper.plug-in"; name = ComRrfComponentVas.bundle; path = plugins/ComRrfComponentVas.bundle; sourceTree = "<group>"; };
		4040C75612D4DDFC0092DD7A /* RRFARS.bundle */ = {isa = PBXFileReference; lastKnownFileType = "wrapper.plug-in"; name = RRFARS.bundle; path = plugins/RRFARS.bundle; sourceTree = "<group>"; };
		4040C75A12D4DE060092DD7A /* RRFClickReady.bundle */ = {isa = PBXFileReference; lastKnownFileType = "wrapper.plug-in"; name = RRFClickReady.bundle; path = plugins/RRFClickReady.bundle; sourceTree = "<group>"; };
		4040C77F12D4DE340092DD7A /* RRFNBack.bundle */ = {isa = PBXFileReference; lastKnownFileType = "wrapper.plug-in"; name = RRFNBack.bundle; path = plugins/RRFNBack.bundle; sourceTree = "<group>"; };
		4040C78512D4DE4A0092DD7A /* RRFPause.bundle */ = {isa = PBXFileReference; lastKnownFileType = "wrapper.plug-in"; name = RRFPause.bundle; path = plugins/RRFPause.bundle; sourceTree = "<group>"; };
		404DF3A31279EC34000D1CC4 /* TKSession.h */ = {isa = PBXFileReference; fileEncoding = 4; lastKnownFileType = sourcecode.c.h; path = TKSession.h; sourceTree = "<group>"; };
		404DF3A41279EC34000D1CC4 /* TKSession.m */ = {isa = PBXFileReference; fileEncoding = 4; lastKnownFileType = sourcecode.c.objc; path = TKSession.m; sourceTree = "<group>"; };
		404DF3AC1279EC45000D1CC4 /* version.plist */ = {isa = PBXFileReference; fileEncoding = 4; lastKnownFileType = text.plist.xml; path = version.plist; sourceTree = "<group>"; };
		4079CA8912D0DD1F009B23AC /* TKSessionAppDelegate.h */ = {isa = PBXFileReference; fileEncoding = 4; lastKnownFileType = sourcecode.c.h; path = TKSessionAppDelegate.h; sourceTree = "<group>"; };
		4079CA8A12D0DD1F009B23AC /* TKSessionAppDelegate.m */ = {isa = PBXFileReference; fileEncoding = 4; lastKnownFileType = sourcecode.c.objc; path = TKSessionAppDelegate.m; sourceTree = "<group>"; };
		40D07E1E12D3B70500ACF2CC /* RRFLoop.bundle */ = {isa = PBXFileReference; lastKnownFileType = "wrapper.plug-in"; name = RRFLoop.bundle; path = plugins/RRFLoop.bundle; sourceTree = "<group>"; };
		40D07E3912D3B77800ACF2CC /* RRFAlarm.bundle */ = {isa = PBXFileReference; lastKnownFileType = "wrapper.plug-in"; name = RRFAlarm.bundle; path = plugins/RRFAlarm.bundle; sourceTree = "<group>"; };
		8D1107310486CEB800E47090 /* Info.plist */ = {isa = PBXFileReference; fileEncoding = 4; lastKnownFileType = text.plist.xml; path = Info.plist; sourceTree = "<group>"; };
		8D1107320486CEB800E47090 /* TK-Session.app */ = {isa = PBXFileReference; explicitFileType = wrapper.application; includeInIndex = 0; path = "TK-Session.app"; sourceTree = BUILT_PRODUCTS_DIR; };
/* End PBXFileReference section */

/* Begin PBXFrameworksBuildPhase section */
		8D11072E0486CEB800E47090 /* Frameworks */ = {
			isa = PBXFrameworksBuildPhase;
			buildActionMask = 2147483647;
			files = (
				8D11072F0486CEB800E47090 /* Cocoa.framework in Frameworks */,
				400928C512DF917F00392AD5 /* TKUtility.framework in Frameworks */,
			);
			runOnlyForDeploymentPostprocessing = 0;
		};
/* End PBXFrameworksBuildPhase section */

/* Begin PBXGroup section */
		080E96DDFE201D6D7F000001 /* Classes */ = {
			isa = PBXGroup;
			children = (
				404DF3A31279EC34000D1CC4 /* TKSession.h */,
				404DF3A41279EC34000D1CC4 /* TKSession.m */,
				4079CA8912D0DD1F009B23AC /* TKSessionAppDelegate.h */,
				4079CA8A12D0DD1F009B23AC /* TKSessionAppDelegate.m */,
				4000D37712EF31110032E9B0 /* TKFileMoveQueue.h */,
				4000D37812EF31110032E9B0 /* TKFileMoveQueue.m */,
				400C96DD134E3E41009707D0 /* TKRegistry.h */,
				400C96DE134E3E41009707D0 /* TKRegistry.m */,
			);
			name = Classes;
			sourceTree = "<group>";
		};
		1058C7A0FEA54F0111CA2CBB /* Linked Frameworks */ = {
			isa = PBXGroup;
			children = (
				1058C7A1FEA54F0111CA2CBB /* Cocoa.framework */,
				400928C412DF917F00392AD5 /* TKUtility.framework */,
			);
			name = "Linked Frameworks";
			sourceTree = "<group>";
		};
		1058C7A2FEA54F0111CA2CBB /* Other Frameworks */ = {
			isa = PBXGroup;
			children = (
				29B97324FDCFA39411CA2CEA /* AppKit.framework */,
				13E42FB307B3F0F600E4EEF1 /* CoreData.framework */,
				29B97325FDCFA39411CA2CEA /* Foundation.framework */,
			);
			name = "Other Frameworks";
			sourceTree = "<group>";
		};
		19C28FACFE9D520D11CA2CBB /* Products */ = {
			isa = PBXGroup;
			children = (
				8D1107320486CEB800E47090 /* TK-Session.app */,
			);
			name = Products;
			sourceTree = "<group>";
		};
		29B97314FDCFA39411CA2CEA /* TK-Session */ = {
			isa = PBXGroup;
			children = (
				080E96DDFE201D6D7F000001 /* Classes */,
				29B97315FDCFA39411CA2CEA /* Other Sources */,
				29B97317FDCFA39411CA2CEA /* Resources */,
				29B97323FDCFA39411CA2CEA /* Frameworks */,
				19C28FACFE9D520D11CA2CBB /* Products */,
			);
			name = "TK-Session";
			sourceTree = "<group>";
		};
		29B97315FDCFA39411CA2CEA /* Other Sources */ = {
			isa = PBXGroup;
			children = (
				32CA4F630368D1EE00C91783 /* TK-Session_Prefix.pch */,
				29B97316FDCFA39411CA2CEA /* main.m */,
			);
			name = "Other Sources";
			sourceTree = "<group>";
		};
		29B97317FDCFA39411CA2CEA /* Resources */ = {
			isa = PBXGroup;
			children = (
				40D07E1912D3B6D400ACF2CC /* bundles */,
				404DF3AC1279EC45000D1CC4 /* version.plist */,
				8D1107310486CEB800E47090 /* Info.plist */,
				089C165CFE840E0CC02AAC07 /* InfoPlist.strings */,
				1DDD58140DA1D0A300B32029 /* MainMenu.xib */,
			);
			name = Resources;
			sourceTree = "<group>";
		};
		29B97323FDCFA39411CA2CEA /* Frameworks */ = {
			isa = PBXGroup;
			children = (
				1058C7A0FEA54F0111CA2CBB /* Linked Frameworks */,
				1058C7A2FEA54F0111CA2CBB /* Other Frameworks */,
			);
			name = Frameworks;
			sourceTree = "<group>";
		};
		40D07E1912D3B6D400ACF2CC /* bundles */ = {
			isa = PBXGroup;
			children = (
				4040C75212D4DDF10092DD7A /* ComRrfComponentVas.bundle */,
				40D07E3912D3B77800ACF2CC /* RRFAlarm.bundle */,
				4040C75612D4DDFC0092DD7A /* RRFARS.bundle */,
				4040C75A12D4DE060092DD7A /* RRFClickReady.bundle */,
				40D07E1E12D3B70500ACF2CC /* RRFLoop.bundle */,
				4040C77F12D4DE340092DD7A /* RRFNBack.bundle */,
				4040C78512D4DE4A0092DD7A /* RRFPause.bundle */,
			);
			name = bundles;
			sourceTree = "<group>";
		};
/* End PBXGroup section */

/* Begin PBXNativeTarget section */
		8D1107260486CEB800E47090 /* TK-Session */ = {
			isa = PBXNativeTarget;
			buildConfigurationList = C01FCF4A08A954540054247B /* Build configuration list for PBXNativeTarget "TK-Session" */;
			buildPhases = (
				8D1107290486CEB800E47090 /* Resources */,
				8D11072C0486CEB800E47090 /* Sources */,
				8D11072E0486CEB800E47090 /* Frameworks */,
				40352BA112CA404B0071EECA /* CopyFiles */,
				40D5EE5D133932700009FD87 /* Bundles --> Plugins */,
				40AA82A5134230CC008280E3 /* ShellScript */,
			);
			buildRules = (
			);
			dependencies = (
			);
			name = "TK-Session";
			productInstallPath = "$(HOME)/Applications";
			productName = "TK-Session";
			productReference = 8D1107320486CEB800E47090 /* TK-Session.app */;
			productType = "com.apple.product-type.application";
		};
/* End PBXNativeTarget section */

/* Begin PBXProject section */
		29B97313FDCFA39411CA2CEA /* Project object */ = {
			isa = PBXProject;
			buildConfigurationList = C01FCF4E08A954540054247B /* Build configuration list for PBXProject "TK-Session" */;
			compatibilityVersion = "Xcode 3.1";
			hasScannedForEncodings = 1;
			mainGroup = 29B97314FDCFA39411CA2CEA /* TK-Session */;
			projectDirPath = "";
			projectRoot = "";
			targets = (
				8D1107260486CEB800E47090 /* TK-Session */,
			);
		};
/* End PBXProject section */

/* Begin PBXResourcesBuildPhase section */
		8D1107290486CEB800E47090 /* Resources */ = {
			isa = PBXResourcesBuildPhase;
			buildActionMask = 2147483647;
			files = (
				8D11072B0486CEB800E47090 /* InfoPlist.strings in Resources */,
				1DDD58160DA1D0A300B32029 /* MainMenu.xib in Resources */,
				404DF3AD1279EC45000D1CC4 /* version.plist in Resources */,
			);
			runOnlyForDeploymentPostprocessing = 0;
		};
/* End PBXResourcesBuildPhase section */

/* Begin PBXShellScriptBuildPhase section */
		40AA82A5134230CC008280E3 /* ShellScript */ = {
			isa = PBXShellScriptBuildPhase;
			buildActionMask = 2147483647;
			files = (
			);
			inputPaths = (
			);
			outputPaths = (
			);
			runOnlyForDeploymentPostprocessing = 0;
			shellPath = "/usr/bin/perl -w";
			shellScript = "# Xcode auto-versioning script for Subversion by Axel Andersson\n# Updated for git by Marcus S. Zarra and Matt Long\n \nuse strict;\n \n# Get the current git commit hash and use it to set the CFBundleVersion value\nmy $REV = `/usr/local/git/bin/git describe --long`;\nmy $INFO = \"$ENV{BUILT_PRODUCTS_DIR}/$ENV{WRAPPER_NAME}/Contents/Info.plist\";\n \nif(!$REV) {\n\tdie \"No Git revision found\";\n}\n \nopen(FH, \"$INFO\") or die \"$0: $INFO: $!\";\nmy $info = join(\"\", <FH>);\nclose(FH);\n \n$info =~ s/([\\t ]+<key>CFBundleVersion<\\/key>\\n[\\t ]+<string>).*?(<\\/string>)/$1$REV$2/;\n \nopen(FH, \">$INFO\") or die \"$0: $INFO: $!\";\nprint FH $info;\nclose(FH);";
		};
		40D5EE5D133932700009FD87 /* Bundles --> Plugins */ = {
			isa = PBXShellScriptBuildPhase;
			buildActionMask = 2147483647;
			files = (
			);
			inputPaths = (
			);
			name = "Bundles --> Plugins";
			outputPaths = (
			);
			runOnlyForDeploymentPostprocessing = 0;
			shellPath = /bin/sh;
			shellScript = "mkdir ${TARGET_BUILD_DIR}/TK-Session.app/Contents/Plugins\ncp -r ~/Documents/development/rrf/PLUGINS/* ${TARGET_BUILD_DIR}/TK-Session.app/Contents/Plugins";
		};
/* End PBXShellScriptBuildPhase section */

/* Begin PBXSourcesBuildPhase section */
		8D11072C0486CEB800E47090 /* Sources */ = {
			isa = PBXSourcesBuildPhase;
			buildActionMask = 2147483647;
			files = (
				8D11072D0486CEB800E47090 /* main.m in Sources */,
				404DF3A91279EC34000D1CC4 /* TKSession.m in Sources */,
				4079CA8B12D0DD1F009B23AC /* TKSessionAppDelegate.m in Sources */,
				4000D37912EF31110032E9B0 /* TKFileMoveQueue.m in Sources */,
				400C96DF134E3E41009707D0 /* TKRegistry.m in Sources */,
			);
			runOnlyForDeploymentPostprocessing = 0;
		};
/* End PBXSourcesBuildPhase section */

/* Begin PBXVariantGroup section */
		089C165CFE840E0CC02AAC07 /* InfoPlist.strings */ = {
			isa = PBXVariantGroup;
			children = (
				089C165DFE840E0CC02AAC07 /* English */,
			);
			name = InfoPlist.strings;
			sourceTree = "<group>";
		};
		1DDD58140DA1D0A300B32029 /* MainMenu.xib */ = {
			isa = PBXVariantGroup;
			children = (
				1DDD58150DA1D0A300B32029 /* English */,
			);
			name = MainMenu.xib;
			sourceTree = "<group>";
		};
/* End PBXVariantGroup section */

/* Begin XCBuildConfiguration section */
		C01FCF4B08A954540054247B /* Debug */ = {
			isa = XCBuildConfiguration;
			buildSettings = {
				ALWAYS_SEARCH_USER_PATHS = NO;
				COPY_PHASE_STRIP = NO;
				FRAMEWORK_SEARCH_PATHS = (
					"$(inherited)",
					"\"$(SRCROOT)\"",
				);
				GCC_DYNAMIC_NO_PIC = NO;
				GCC_ENABLE_FIX_AND_CONTINUE = YES;
				GCC_ENABLE_OBJC_GC = supported;
				GCC_MODEL_TUNING = G5;
				GCC_OPTIMIZATION_LEVEL = 0;
				GCC_PRECOMPILE_PREFIX_HEADER = YES;
				GCC_PREFIX_HEADER = "TK-Session_Prefix.pch";
				INFOPLIST_FILE = Info.plist;
				INSTALL_PATH = "$(HOME)/Applications";
				ONLY_ACTIVE_ARCH = YES;
				OTHER_CFLAGS = "-DDEBUG";
				PRODUCT_NAME = "TK-Session";
			};
			name = Debug;
		};
		C01FCF4C08A954540054247B /* Release */ = {
			isa = XCBuildConfiguration;
			buildSettings = {
				ALWAYS_SEARCH_USER_PATHS = NO;
				DEBUG_INFORMATION_FORMAT = "dwarf-with-dsym";
				FRAMEWORK_SEARCH_PATHS = (
					"$(inherited)",
					"\"$(SRCROOT)\"",
				);
				GCC_ENABLE_OBJC_GC = supported;
				GCC_MODEL_TUNING = G5;
				GCC_PRECOMPILE_PREFIX_HEADER = YES;
				GCC_PREFIX_HEADER = "TK-Session_Prefix.pch";
				INFOPLIST_FILE = Info.plist;
				INSTALL_PATH = "$(HOME)/Applications";
				PRODUCT_NAME = "TK-Session";
			};
			name = Release;
		};
		C01FCF4F08A954540054247B /* Debug */ = {
			isa = XCBuildConfiguration;
			buildSettings = {
				ARCHS = "$(ARCHS_STANDARD_32_BIT)";
				GCC_C_LANGUAGE_STANDARD = c99;
				GCC_ENABLE_OBJC_GC = unsupported;
				GCC_OPTIMIZATION_LEVEL = 0;
				GCC_WARN_ABOUT_RETURN_TYPE = YES;
				GCC_WARN_UNUSED_VARIABLE = YES;
				ONLY_ACTIVE_ARCH = YES;
				PREBINDING = NO;
				SDKROOT = macosx10.5;
				STANDARD_C_PLUS_PLUS_LIBRARY_TYPE = static;
			};
			name = Debug;
		};
		C01FCF5008A954540054247B /* Release */ = {
			isa = XCBuildConfiguration;
			buildSettings = {
				ARCHS = "$(ARCHS_STANDARD_32_BIT)";
				GCC_C_LANGUAGE_STANDARD = c99;
				GCC_ENABLE_OBJC_GC = unsupported;
				GCC_WARN_ABOUT_RETURN_TYPE = YES;
				GCC_WARN_UNUSED_VARIABLE = YES;
				PREBINDING = NO;
				SDKROOT = macosx10.5;
				STANDARD_C_PLUS_PLUS_LIBRARY_TYPE = static;
			};
			name = Release;
		};
/* End XCBuildConfiguration section */

/* Begin XCConfigurationList section */
		C01FCF4A08A954540054247B /* Build configuration list for PBXNativeTarget "TK-Session" */ = {
			isa = XCConfigurationList;
			buildConfigurations = (
				C01FCF4B08A954540054247B /* Debug */,
				C01FCF4C08A954540054247B /* Release */,
			);
			defaultConfigurationIsVisible = 0;
			defaultConfigurationName = Release;
		};
		C01FCF4E08A954540054247B /* Build configuration list for PBXProject "TK-Session" */ = {
			isa = XCConfigurationList;
			buildConfigurations = (
				C01FCF4F08A954540054247B /* Debug */,
				C01FCF5008A954540054247B /* Release */,
			);
			defaultConfigurationIsVisible = 0;
			defaultConfigurationName = Release;
		};
/* End XCConfigurationList section */
	};
	rootObject = 29B97313FDCFA39411CA2CEA /* Project object */;
}
